# Generated by buf. DO NOT EDIT.
version: v1
deps:
  - remote: buf.build
    owner: gogo
    repository: protobuf
    commit: 5461a3dfa9d941da82028ab185dc2a0e
    digest: shake256:37c7c75224982038cb1abf45b481ef06716c1f806ffaa162018d0df092bd11a2a9b62c2d0dc0a2ae43beff86b6014fc0eb8c594ffd84d52ade4b08fca901eadc
  - remote: buf.build
    owner: googleapis
    repository: googleapis
    commit: b30c5775bfb3485d9da2e87b26590ac9
    digest: shake256:9d0caaf056949a0e1c883b9849d8a2fa66e22f18a2a48f867d1a8c700aa22abee50ad3ef0d8171637457cadc43c584998bdf3adac55da0f9e4614c72686b057d
